
Microsoft Visual Studio Solution File, Format Version 12.00
# Visual Studio Version 17
VisualStudioVersion = 17.14.36401.2
MinimumVisualStudioVersion = 10.0.40219.1
Project("{FAE04EC0-301F-11D3-BF4B-00C04F79EFBC}") = "AuctionService", "AuctionService\AuctionService.csproj", "{4571A14F-2996-4E73-A24D-186B9B6D7E84}"
EndProject
Project("{2150E333-8FDC-42A3-9474-1A3956D46DE8}") = "src", "src", "{02EA681E-C7D8-13C7-8484-4AC65E1B71E8}"
EndProject
Project("{FAE04EC0-301F-11D3-BF4B-00C04F79EFBC}") = "SearchService", "SearchService\SearchService.csproj", "{2DFB1873-6ED9-47DC-815C-FACEBAD45DEE}"
EndProject
Project("{2150E333-8FDC-42A3-9474-1A3956D46DE8}") = "Solution Items", "Solution Items", "{8EC462FD-D22E-90A8-E5CE-7E832BA40C5D}"
	ProjectSection(SolutionItems) = preProject
		docker-compose.yml = docker-compose.yml
	EndProjectSection
EndProject
Project("{FAE04EC0-301F-11D3-BF4B-00C04F79EFBC}") = "Contracts", "Contracts\Contracts.csproj", "{3465F2BD-E78F-4EE4-9C1D-E90EF1D16B11}"
EndProject
Project("{FAE04EC0-301F-11D3-BF4B-00C04F79EFBC}") = "IdentityService", "IdentityService\IdentityService.csproj", "{46C12278-BEE4-4D16-A8B5-2C11166F0A0B}"
EndProject
Project("{FAE04EC0-301F-11D3-BF4B-00C04F79EFBC}") = "GatewayService", "GatewayService\GatewayService.csproj", "{1F6E0110-A44B-48BD-808A-37F94C2DA035}"
EndProject
Project("{FAE04EC0-301F-11D3-BF4B-00C04F79EFBC}") = "BiddingService", "BiddingService\BiddingService.csproj", "{65CA2AC2-BBEE-4FF2-ADD0-AA9F2965D03F}"
EndProject
Global
	GlobalSection(SolutionConfigurationPlatforms) = preSolution
		Debug|Any CPU = Debug|Any CPU
		Release|Any CPU = Release|Any CPU
	EndGlobalSection
	GlobalSection(ProjectConfigurationPlatforms) = postSolution
		{4571A14F-2996-4E73-A24D-186B9B6D7E84}.Debug|Any CPU.ActiveCfg = Debug|Any CPU
		{4571A14F-2996-4E73-A24D-186B9B6D7E84}.Debug|Any CPU.Build.0 = Debug|Any CPU
		{4571A14F-2996-4E73-A24D-186B9B6D7E84}.Release|Any CPU.ActiveCfg = Release|Any CPU
		{4571A14F-2996-4E73-A24D-186B9B6D7E84}.Release|Any CPU.Build.0 = Release|Any CPU
		{2DFB1873-6ED9-47DC-815C-FACEBAD45DEE}.Debug|Any CPU.ActiveCfg = Debug|Any CPU
		{2DFB1873-6ED9-47DC-815C-FACEBAD45DEE}.Debug|Any CPU.Build.0 = Debug|Any CPU
		{2DFB1873-6ED9-47DC-815C-FACEBAD45DEE}.Release|Any CPU.ActiveCfg = Release|Any CPU
		{2DFB1873-6ED9-47DC-815C-FACEBAD45DEE}.Release|Any CPU.Build.0 = Release|Any CPU
		{3465F2BD-E78F-4EE4-9C1D-E90EF1D16B11}.Debug|Any CPU.ActiveCfg = Debug|Any CPU
		{3465F2BD-E78F-4EE4-9C1D-E90EF1D16B11}.Debug|Any CPU.Build.0 = Debug|Any CPU
		{3465F2BD-E78F-4EE4-9C1D-E90EF1D16B11}.Release|Any CPU.ActiveCfg = Release|Any CPU
		{3465F2BD-E78F-4EE4-9C1D-E90EF1D16B11}.Release|Any CPU.Build.0 = Release|Any CPU
		{46C12278-BEE4-4D16-A8B5-2C11166F0A0B}.Debug|Any CPU.ActiveCfg = Debug|Any CPU
		{46C12278-BEE4-4D16-A8B5-2C11166F0A0B}.Debug|Any CPU.Build.0 = Debug|Any CPU
		{46C12278-BEE4-4D16-A8B5-2C11166F0A0B}.Release|Any CPU.ActiveCfg = Release|Any CPU
		{46C12278-BEE4-4D16-A8B5-2C11166F0A0B}.Release|Any CPU.Build.0 = Release|Any CPU
		{1F6E0110-A44B-48BD-808A-37F94C2DA035}.Debug|Any CPU.ActiveCfg = Debug|Any CPU
		{1F6E0110-A44B-48BD-808A-37F94C2DA035}.Debug|Any CPU.Build.0 = Debug|Any CPU
		{1F6E0110-A44B-48BD-808A-37F94C2DA035}.Release|Any CPU.ActiveCfg = Release|Any CPU
		{1F6E0110-A44B-48BD-808A-37F94C2DA035}.Release|Any CPU.Build.0 = Release|Any CPU
		{65CA2AC2-BBEE-4FF2-ADD0-AA9F2965D03F}.Debug|Any CPU.ActiveCfg = Debug|Any CPU
		{65CA2AC2-BBEE-4FF2-ADD0-AA9F2965D03F}.Debug|Any CPU.Build.0 = Debug|Any CPU
		{65CA2AC2-BBEE-4FF2-ADD0-AA9F2965D03F}.Release|Any CPU.ActiveCfg = Release|Any CPU
		{65CA2AC2-BBEE-4FF2-ADD0-AA9F2965D03F}.Release|Any CPU.Build.0 = Release|Any CPU
	EndGlobalSection
	GlobalSection(SolutionProperties) = preSolution
		HideSolutionNode = FALSE
	EndGlobalSection
	GlobalSection(NestedProjects) = preSolution
		{4571A14F-2996-4E73-A24D-186B9B6D7E84} = {02EA681E-C7D8-13C7-8484-4AC65E1B71E8}
		{2DFB1873-6ED9-47DC-815C-FACEBAD45DEE} = {02EA681E-C7D8-13C7-8484-4AC65E1B71E8}
		{3465F2BD-E78F-4EE4-9C1D-E90EF1D16B11} = {02EA681E-C7D8-13C7-8484-4AC65E1B71E8}
		{46C12278-BEE4-4D16-A8B5-2C11166F0A0B} = {02EA681E-C7D8-13C7-8484-4AC65E1B71E8}
		{1F6E0110-A44B-48BD-808A-37F94C2DA035} = {02EA681E-C7D8-13C7-8484-4AC65E1B71E8}
		{65CA2AC2-BBEE-4FF2-ADD0-AA9F2965D03F} = {02EA681E-C7D8-13C7-8484-4AC65E1B71E8}
	EndGlobalSection
	GlobalSection(ExtensibilityGlobals) = postSolution
		SolutionGuid = {C5DB10E6-C2F8-4A0B-B286-9005678183F2}
	EndGlobalSection
EndGlobal
